
Microsoft Visual Studio Solution File, Format Version 12.00
# Visual Studio 14
VisualStudioVersion = 14.0.25123.0
MinimumVisualStudioVersion = 10.0.40219.1
Project("{FAE04EC0-301F-11D3-BF4B-00C04F79EFBC}") = "MVC5AndUnity", "MVC5AndUnity\MVC5AndUnity.csproj", "{FEA664A8-AC24-43E8-ACC9-DB778F7C6794}"
EndProject
Project("{FAE04EC0-301F-11D3-BF4B-00C04F79EFBC}") = "TwoTierMVCReview.DAL", "TwoTierMVCReview.DAL\TwoTierMVCReview.DAL.csproj", "{5375C935-5E49-4AD3-B2C6-8AAE674E572A}"
EndProject
Global
	GlobalSection(SolutionConfigurationPlatforms) = preSolution
		Debug|Any CPU = Debug|Any CPU
		Release|Any CPU = Release|Any CPU
	EndGlobalSection
	GlobalSection(ProjectConfigurationPlatforms) = postSolution
		{FEA664A8-AC24-43E8-ACC9-DB778F7C6794}.Debug|Any CPU.ActiveCfg = Debug|Any CPU
		{FEA664A8-AC24-43E8-ACC9-DB778F7C6794}.Debug|Any CPU.Build.0 = Debug|Any CPU
		{FEA664A8-AC24-43E8-ACC9-DB778F7C6794}.Release|Any CPU.ActiveCfg = Release|Any CPU
		{FEA664A8-AC24-43E8-ACC9-DB778F7C6794}.Release|Any CPU.Build.0 = Release|Any CPU
		{5375C935-5E49-4AD3-B2C6-8AAE674E572A}.Debug|Any CPU.ActiveCfg = Debug|Any CPU
		{5375C935-5E49-4AD3-B2C6-8AAE674E572A}.Debug|Any CPU.Build.0 = Debug|Any CPU
		{5375C935-5E49-4AD3-B2C6-8AAE674E572A}.Release|Any CPU.ActiveCfg = Release|Any CPU
		{5375C935-5E49-4AD3-B2C6-8AAE674E572A}.Release|Any CPU.Build.0 = Release|Any CPU
	EndGlobalSection
	GlobalSection(SolutionProperties) = preSolution
		HideSolutionNode = FALSE
	EndGlobalSection
EndGlobal
